// !$*UTF8*$!
{
	archiveVersion = 1;
	classes = {
	};
	objectVersion = 56;
	objects = {

/* Begin PBXBuildFile section */
		850F972A2D1CFC4400945740 /* iOSMagnetometer in Frameworks */ = {isa = PBXBuildFile; productRef = 850F97292D1CFC4400945740 /* iOSMagnetometer */; };
		850F972E2D1D044000945740 /* NetServiceExtension.swift in Sources */ = {isa = PBXBuildFile; fileRef = 850F972D2D1D044000945740 /* NetServiceExtension.swift */; };
		850F973B2D1D354900945740 /* SwiftyPing in Frameworks */ = {isa = PBXBuildFile; productRef = 850F973A2D1D354900945740 /* SwiftyPing */; };
		85445AAA2D1AB6830093F7F0 /* Device.swift in Sources */ = {isa = PBXBuildFile; fileRef = 85445AA92D1AB6830093F7F0 /* Device.swift */; };
		854F4D542D1A57860088B04F /* AppDelegate.swift in Sources */ = {isa = PBXBuildFile; fileRef = 854F4D532D1A57860088B04F /* AppDelegate.swift */; };
		854F4D562D1A57860088B04F /* SceneDelegate.swift in Sources */ = {isa = PBXBuildFile; fileRef = 854F4D552D1A57860088B04F /* SceneDelegate.swift */; };
		854F4D582D1A57860088B04F /* ViewController.swift in Sources */ = {isa = PBXBuildFile; fileRef = 854F4D572D1A57860088B04F /* ViewController.swift */; };
		854F4D5B2D1A57860088B04F /* Base in Resources */ = {isa = PBXBuildFile; fileRef = 854F4D5A2D1A57860088B04F /* Base */; };
		854F4D5D2D1A57870088B04F /* Assets.xcassets in Resources */ = {isa = PBXBuildFile; fileRef = 854F4D5C2D1A57870088B04F /* Assets.xcassets */; };
		854F4D602D1A57870088B04F /* Base in Resources */ = {isa = PBXBuildFile; fileRef = 854F4D5F2D1A57870088B04F /* Base */; };
		854F4D6A2D1A581A0088B04F /* LocalNetworkDetector.swift in Sources */ = {isa = PBXBuildFile; fileRef = 854F4D692D1A581A0088B04F /* LocalNetworkDetector.swift */; };
		854F4D702D1A72CA0088B04F /* NetworkUtils.swift in Sources */ = {isa = PBXBuildFile; fileRef = 854F4D6F2D1A72CA0088B04F /* NetworkUtils.swift */; };
		854F4D952D1AA2130088B04F /* data.plist in Resources */ = {isa = PBXBuildFile; fileRef = 854F4D942D1AA2130088B04F /* data.plist */; };
		854F4D9D2D1AADA10088B04F /* iphoneModels.json in Resources */ = {isa = PBXBuildFile; fileRef = 854F4D9A2D1AADA10088B04F /* iphoneModels.json */; };
		854F4D9E2D1AADA10088B04F /* macVendors.plist in Resources */ = {isa = PBXBuildFile; fileRef = 854F4D9B2D1AADA10088B04F /* macVendors.plist */; };
		854F4D9F2D1AADA10088B04F /* macModels.plist in Resources */ = {isa = PBXBuildFile; fileRef = 854F4D9C2D1AADA10088B04F /* macModels.plist */; };
		85DA720E2D1E42EA008F5589 /* HomeView.swift in Sources */ = {isa = PBXBuildFile; fileRef = 85DA720D2D1E42EA008F5589 /* HomeView.swift */; };
		85DA72102D1E4673008F5589 /* DeviceService.swift in Sources */ = {isa = PBXBuildFile; fileRef = 85DA720F2D1E4673008F5589 /* DeviceService.swift */; };
		85DA72132D1E6130008F5589 /* FlipBook in Frameworks */ = {isa = PBXBuildFile; productRef = 85DA72122D1E6130008F5589 /* FlipBook */; };
/* End PBXBuildFile section */

/* Begin PBXFileReference section */
		850F972D2D1D044000945740 /* NetServiceExtension.swift */ = {isa = PBXFileReference; lastKnownFileType = sourcecode.swift; path = NetServiceExtension.swift; sourceTree = "<group>"; };
		85445AA92D1AB6830093F7F0 /* Device.swift */ = {isa = PBXFileReference; lastKnownFileType = sourcecode.swift; path = Device.swift; sourceTree = "<group>"; };
		854F4D502D1A57860088B04F /* DemoDetect.app */ = {isa = PBXFileReference; explicitFileType = wrapper.application; includeInIndex = 0; path = DemoDetect.app; sourceTree = BUILT_PRODUCTS_DIR; };
		854F4D532D1A57860088B04F /* AppDelegate.swift */ = {isa = PBXFileReference; lastKnownFileType = sourcecode.swift; path = AppDelegate.swift; sourceTree = "<group>"; };
		854F4D552D1A57860088B04F /* SceneDelegate.swift */ = {isa = PBXFileReference; lastKnownFileType = sourcecode.swift; path = SceneDelegate.swift; sourceTree = "<group>"; };
		854F4D572D1A57860088B04F /* ViewController.swift */ = {isa = PBXFileReference; lastKnownFileType = sourcecode.swift; path = ViewController.swift; sourceTree = "<group>"; };
		854F4D5A2D1A57860088B04F /* Base */ = {isa = PBXFileReference; lastKnownFileType = file.storyboard; name = Base; path = Base.lproj/Main.storyboard; sourceTree = "<group>"; };
		854F4D5C2D1A57870088B04F /* Assets.xcassets */ = {isa = PBXFileReference; lastKnownFileType = folder.assetcatalog; path = Assets.xcassets; sourceTree = "<group>"; };
		854F4D5F2D1A57870088B04F /* Base */ = {isa = PBXFileReference; lastKnownFileType = file.storyboard; name = Base; path = Base.lproj/LaunchScreen.storyboard; sourceTree = "<group>"; };
		854F4D612D1A57870088B04F /* Info.plist */ = {isa = PBXFileReference; lastKnownFileType = text.plist.xml; path = Info.plist; sourceTree = "<group>"; };
		854F4D692D1A581A0088B04F /* LocalNetworkDetector.swift */ = {isa = PBXFileReference; lastKnownFileType = sourcecode.swift; path = LocalNetworkDetector.swift; sourceTree = "<group>"; };
		854F4D6B2D1A604D0088B04F /* DemoDetect.entitlements */ = {isa = PBXFileReference; lastKnownFileType = text.plist.entitlements; path = DemoDetect.entitlements; sourceTree = "<group>"; };
		854F4D6F2D1A72CA0088B04F /* NetworkUtils.swift */ = {isa = PBXFileReference; lastKnownFileType = sourcecode.swift; path = NetworkUtils.swift; sourceTree = "<group>"; };
		854F4D942D1AA2130088B04F /* data.plist */ = {isa = PBXFileReference; fileEncoding = 4; lastKnownFileType = text.plist.xml; path = data.plist; sourceTree = "<group>"; };
		854F4D9A2D1AADA10088B04F /* iphoneModels.json */ = {isa = PBXFileReference; fileEncoding = 4; lastKnownFileType = text.json; path = iphoneModels.json; sourceTree = "<group>"; };
		854F4D9B2D1AADA10088B04F /* macVendors.plist */ = {isa = PBXFileReference; fileEncoding = 4; lastKnownFileType = text.plist.xml; path = macVendors.plist; sourceTree = "<group>"; };
		854F4D9C2D1AADA10088B04F /* macModels.plist */ = {isa = PBXFileReference; fileEncoding = 4; lastKnownFileType = text.plist.xml; path = macModels.plist; sourceTree = "<group>"; };
		85DA720D2D1E42EA008F5589 /* HomeView.swift */ = {isa = PBXFileReference; lastKnownFileType = sourcecode.swift; path = HomeView.swift; sourceTree = "<group>"; };
		85DA720F2D1E4673008F5589 /* DeviceService.swift */ = {isa = PBXFileReference; lastKnownFileType = sourcecode.swift; path = DeviceService.swift; sourceTree = "<group>"; };
/* End PBXFileReference section */

/* Begin PBXFrameworksBuildPhase section */
		854F4D4D2D1A57860088B04F /* Frameworks */ = {
			isa = PBXFrameworksBuildPhase;
			buildActionMask = 2147483647;
			files = (
				85DA72132D1E6130008F5589 /* FlipBook in Frameworks */,
				850F973B2D1D354900945740 /* SwiftyPing in Frameworks */,
				850F972A2D1CFC4400945740 /* iOSMagnetometer in Frameworks */,
			);
			runOnlyForDeploymentPostprocessing = 0;
		};
/* End PBXFrameworksBuildPhase section */

/* Begin PBXGroup section */
		850F972C2D1D043400945740 /* Extension */ = {
			isa = PBXGroup;
			children = (
				850F972D2D1D044000945740 /* NetServiceExtension.swift */,
			);
			path = Extension;
			sourceTree = "<group>";
		};
		85445AA82D1AB66F0093F7F0 /* Model */ = {
			isa = PBXGroup;
			children = (
				85445AA92D1AB6830093F7F0 /* Device.swift */,
				85DA720F2D1E4673008F5589 /* DeviceService.swift */,
			);
			path = Model;
			sourceTree = "<group>";
		};
		854F4D472D1A57860088B04F = {
			isa = PBXGroup;
			children = (
				854F4D522D1A57860088B04F /* DemoDetect */,
				854F4D512D1A57860088B04F /* Products */,
			);
			sourceTree = "<group>";
		};
		854F4D512D1A57860088B04F /* Products */ = {
			isa = PBXGroup;
			children = (
				854F4D502D1A57860088B04F /* DemoDetect.app */,
			);
			name = Products;
			sourceTree = "<group>";
		};
		854F4D522D1A57860088B04F /* DemoDetect */ = {
			isa = PBXGroup;
			children = (
				854F4D6B2D1A604D0088B04F /* DemoDetect.entitlements */,
				854F4D672D1A57900088B04F /* Core */,
				854F4D532D1A57860088B04F /* AppDelegate.swift */,
				854F4D552D1A57860088B04F /* SceneDelegate.swift */,
				85DA720D2D1E42EA008F5589 /* HomeView.swift */,
				854F4D572D1A57860088B04F /* ViewController.swift */,
				854F4D592D1A57860088B04F /* Main.storyboard */,
				854F4D5C2D1A57870088B04F /* Assets.xcassets */,
				854F4D5E2D1A57870088B04F /* LaunchScreen.storyboard */,
				854F4D612D1A57870088B04F /* Info.plist */,
			);
			path = DemoDetect;
			sourceTree = "<group>";
		};
		854F4D672D1A57900088B04F /* Core */ = {
			isa = PBXGroup;
			children = (
				854F4D722D1A81080088B04F /* Location */,
				854F4D682D1A57940088B04F /* Wifi */,
			);
			path = Core;
			sourceTree = "<group>";
		};
		854F4D682D1A57940088B04F /* Wifi */ = {
			isa = PBXGroup;
			children = (
				85445AA82D1AB66F0093F7F0 /* Model */,
				850F972C2D1D043400945740 /* Extension */,
				854F4D932D1AA2080088B04F /* Data */,
				854F4D692D1A581A0088B04F /* LocalNetworkDetector.swift */,
				854F4D6F2D1A72CA0088B04F /* NetworkUtils.swift */,
			);
			path = Wifi;
			sourceTree = "<group>";
		};
		854F4D722D1A81080088B04F /* Location */ = {
			isa = PBXGroup;
			children = (
			);
			path = Location;
			sourceTree = "<group>";
		};
		854F4D932D1AA2080088B04F /* Data */ = {
			isa = PBXGroup;
			children = (
				854F4D9A2D1AADA10088B04F /* iphoneModels.json */,
				854F4D9C2D1AADA10088B04F /* macModels.plist */,
				854F4D9B2D1AADA10088B04F /* macVendors.plist */,
				854F4D942D1AA2130088B04F /* data.plist */,
			);
			path = Data;
			sourceTree = "<group>";
		};
/* End PBXGroup section */

/* Begin PBXNativeTarget section */
		854F4D4F2D1A57860088B04F /* DemoDetect */ = {
			isa = PBXNativeTarget;
			buildConfigurationList = 854F4D642D1A57870088B04F /* Build configuration list for PBXNativeTarget "DemoDetect" */;
			buildPhases = (
				854F4D4C2D1A57860088B04F /* Sources */,
				854F4D4D2D1A57860088B04F /* Frameworks */,
				854F4D4E2D1A57860088B04F /* Resources */,
			);
			buildRules = (
			);
			dependencies = (
			);
			name = DemoDetect;
			packageProductDependencies = (
				850F97292D1CFC4400945740 /* iOSMagnetometer */,
				850F973A2D1D354900945740 /* SwiftyPing */,
				85DA72122D1E6130008F5589 /* FlipBook */,
			);
			productName = DemoDetect;
			productReference = 854F4D502D1A57860088B04F /* DemoDetect.app */;
			productType = "com.apple.product-type.application";
		};
/* End PBXNativeTarget section */

/* Begin PBXProject section */
		854F4D482D1A57860088B04F /* Project object */ = {
			isa = PBXProject;
			attributes = {
				BuildIndependentTargetsInParallel = 1;
				LastSwiftUpdateCheck = 1540;
				LastUpgradeCheck = 1540;
				TargetAttributes = {
					854F4D4F2D1A57860088B04F = {
						CreatedOnToolsVersion = 15.4;
						LastSwiftMigration = 1540;
					};
				};
			};
			buildConfigurationList = 854F4D4B2D1A57860088B04F /* Build configuration list for PBXProject "DemoDetect" */;
			compatibilityVersion = "Xcode 14.0";
			developmentRegion = en;
			hasScannedForEncodings = 0;
			knownRegions = (
				en,
				Base,
			);
			mainGroup = 854F4D472D1A57860088B04F;
			packageReferences = (
				850F97282D1CFC4400945740 /* XCRemoteSwiftPackageReference "iOSMegnetometer" */,
				850F97392D1D354900945740 /* XCRemoteSwiftPackageReference "SwiftyPing" */,
				85DA72112D1E6130008F5589 /* XCRemoteSwiftPackageReference "FlipBook" */,
			);
			productRefGroup = 854F4D512D1A57860088B04F /* Products */;
			projectDirPath = "";
			projectRoot = "";
			targets = (
				854F4D4F2D1A57860088B04F /* DemoDetect */,
			);
		};
/* End PBXProject section */

/* Begin PBXResourcesBuildPhase section */
		854F4D4E2D1A57860088B04F /* Resources */ = {
			isa = PBXResourcesBuildPhase;
			buildActionMask = 2147483647;
			files = (
				854F4D5D2D1A57870088B04F /* Assets.xcassets in Resources */,
				854F4D602D1A57870088B04F /* Base in Resources */,
				854F4D952D1AA2130088B04F /* data.plist in Resources */,
				854F4D5B2D1A57860088B04F /* Base in Resources */,
				854F4D9E2D1AADA10088B04F /* macVendors.plist in Resources */,
				854F4D9D2D1AADA10088B04F /* iphoneModels.json in Resources */,
				854F4D9F2D1AADA10088B04F /* macModels.plist in Resources */,
			);
			runOnlyForDeploymentPostprocessing = 0;
		};
/* End PBXResourcesBuildPhase section */

/* Begin PBXSourcesBuildPhase section */
		854F4D4C2D1A57860088B04F /* Sources */ = {
			isa = PBXSourcesBuildPhase;
			buildActionMask = 2147483647;
			files = (
				854F4D582D1A57860088B04F /* ViewController.swift in Sources */,
				854F4D6A2D1A581A0088B04F /* LocalNetworkDetector.swift in Sources */,
				854F4D702D1A72CA0088B04F /* NetworkUtils.swift in Sources */,
				854F4D542D1A57860088B04F /* AppDelegate.swift in Sources */,
				850F972E2D1D044000945740 /* NetServiceExtension.swift in Sources */,
				85DA720E2D1E42EA008F5589 /* HomeView.swift in Sources */,
				854F4D562D1A57860088B04F /* SceneDelegate.swift in Sources */,
				85445AAA2D1AB6830093F7F0 /* Device.swift in Sources */,
				85DA72102D1E4673008F5589 /* DeviceService.swift in Sources */,
			);
			runOnlyForDeploymentPostprocessing = 0;
		};
/* End PBXSourcesBuildPhase section */

/* Begin PBXVariantGroup section */
		854F4D592D1A57860088B04F /* Main.storyboard */ = {
			isa = PBXVariantGroup;
			children = (
				854F4D5A2D1A57860088B04F /* Base */,
			);
			name = Main.storyboard;
			sourceTree = "<group>";
		};
		854F4D5E2D1A57870088B04F /* LaunchScreen.storyboard */ = {
			isa = PBXVariantGroup;
			children = (
				854F4D5F2D1A57870088B04F /* Base */,
			);
			name = LaunchScreen.storyboard;
			sourceTree = "<group>";
		};
/* End PBXVariantGroup section */

/* Begin XCBuildConfiguration section */
		854F4D622D1A57870088B04F /* Debug */ = {
			isa = XCBuildConfiguration;
			buildSettings = {
				ALWAYS_SEARCH_USER_PATHS = NO;
				ASSETCATALOG_COMPILER_GENERATE_SWIFT_ASSET_SYMBOL_EXTENSIONS = YES;
				CLANG_ANALYZER_NONNULL = YES;
				CLANG_ANALYZER_NUMBER_OBJECT_CONVERSION = YES_AGGRESSIVE;
				CLANG_CXX_LANGUAGE_STANDARD = "gnu++20";
				CLANG_ENABLE_MODULES = YES;
				CLANG_ENABLE_OBJC_ARC = YES;
				CLANG_ENABLE_OBJC_WEAK = YES;
				CLANG_WARN_BLOCK_CAPTURE_AUTORELEASING = YES;
				CLANG_WARN_BOOL_CONVERSION = YES;
				CLANG_WARN_COMMA = YES;
				CLANG_WARN_CONSTANT_CONVERSION = YES;
				CLANG_WARN_DEPRECATED_OBJC_IMPLEMENTATIONS = YES;
				CLANG_WARN_DIRECT_OBJC_ISA_USAGE = YES_ERROR;
				CLANG_WARN_DOCUMENTATION_COMMENTS = YES;
				CLANG_WARN_EMPTY_BODY = YES;
				CLANG_WARN_ENUM_CONVERSION = YES;
				CLANG_WARN_INFINITE_RECURSION = YES;
				CLANG_WARN_INT_CONVERSION = YES;
				CLANG_WARN_NON_LITERAL_NULL_CONVERSION = YES;
				CLANG_WARN_OBJC_IMPLICIT_RETAIN_SELF = YES;
				CLANG_WARN_OBJC_LITERAL_CONVERSION = YES;
				CLANG_WARN_OBJC_ROOT_CLASS = YES_ERROR;
				CLANG_WARN_QUOTED_INCLUDE_IN_FRAMEWORK_HEADER = YES;
				CLANG_WARN_RANGE_LOOP_ANALYSIS = YES;
				CLANG_WARN_STRICT_PROTOTYPES = YES;
				CLANG_WARN_SUSPICIOUS_MOVE = YES;
				CLANG_WARN_UNGUARDED_AVAILABILITY = YES_AGGRESSIVE;
				CLANG_WARN_UNREACHABLE_CODE = YES;
				CLANG_WARN__DUPLICATE_METHOD_MATCH = YES;
				COPY_PHASE_STRIP = NO;
				DEBUG_INFORMATION_FORMAT = dwarf;
				ENABLE_STRICT_OBJC_MSGSEND = YES;
				ENABLE_TESTABILITY = YES;
				ENABLE_USER_SCRIPT_SANDBOXING = YES;
				GCC_C_LANGUAGE_STANDARD = gnu17;
				GCC_DYNAMIC_NO_PIC = NO;
				GCC_NO_COMMON_BLOCKS = YES;
				GCC_OPTIMIZATION_LEVEL = 0;
				GCC_PREPROCESSOR_DEFINITIONS = (
					"DEBUG=1",
					"$(inherited)",
				);
				GCC_WARN_64_TO_32_BIT_CONVERSION = YES;
				GCC_WARN_ABOUT_RETURN_TYPE = YES_ERROR;
				GCC_WARN_UNDECLARED_SELECTOR = YES;
				GCC_WARN_UNINITIALIZED_AUTOS = YES_AGGRESSIVE;
				GCC_WARN_UNUSED_FUNCTION = YES;
				GCC_WARN_UNUSED_VARIABLE = YES;
				IPHONEOS_DEPLOYMENT_TARGET = 17.5;
				LOCALIZATION_PREFERS_STRING_CATALOGS = YES;
				MTL_ENABLE_DEBUG_INFO = INCLUDE_SOURCE;
				MTL_FAST_MATH = YES;
				ONLY_ACTIVE_ARCH = YES;
				SDKROOT = iphoneos;
				SWIFT_ACTIVE_COMPILATION_CONDITIONS = "DEBUG $(inherited)";
				SWIFT_OPTIMIZATION_LEVEL = "-Onone";
			};
			name = Debug;
		};
		854F4D632D1A57870088B04F /* Release */ = {
			isa = XCBuildConfiguration;
			buildSettings = {
				ALWAYS_SEARCH_USER_PATHS = NO;
				ASSETCATALOG_COMPILER_GENERATE_SWIFT_ASSET_SYMBOL_EXTENSIONS = YES;
				CLANG_ANALYZER_NONNULL = YES;
				CLANG_ANALYZER_NUMBER_OBJECT_CONVERSION = YES_AGGRESSIVE;
				CLANG_CXX_LANGUAGE_STANDARD = "gnu++20";
				CLANG_ENABLE_MODULES = YES;
				CLANG_ENABLE_OBJC_ARC = YES;
				CLANG_ENABLE_OBJC_WEAK = YES;
				CLANG_WARN_BLOCK_CAPTURE_AUTORELEASING = YES;
				CLANG_WARN_BOOL_CONVERSION = YES;
				CLANG_WARN_COMMA = YES;
				CLANG_WARN_CONSTANT_CONVERSION = YES;
				CLANG_WARN_DEPRECATED_OBJC_IMPLEMENTATIONS = YES;
				CLANG_WARN_DIRECT_OBJC_ISA_USAGE = YES_ERROR;
				CLANG_WARN_DOCUMENTATION_COMMENTS = YES;
				CLANG_WARN_EMPTY_BODY = YES;
				CLANG_WARN_ENUM_CONVERSION = YES;
				CLANG_WARN_INFINITE_RECURSION = YES;
				CLANG_WARN_INT_CONVERSION = YES;
				CLANG_WARN_NON_LITERAL_NULL_CONVERSION = YES;
				CLANG_WARN_OBJC_IMPLICIT_RETAIN_SELF = YES;
				CLANG_WARN_OBJC_LITERAL_CONVERSION = YES;
				CLANG_WARN_OBJC_ROOT_CLASS = YES_ERROR;
				CLANG_WARN_QUOTED_INCLUDE_IN_FRAMEWORK_HEADER = YES;
				CLANG_WARN_RANGE_LOOP_ANALYSIS = YES;
				CLANG_WARN_STRICT_PROTOTYPES = YES;
				CLANG_WARN_SUSPICIOUS_MOVE = YES;
				CLANG_WARN_UNGUARDED_AVAILABILITY = YES_AGGRESSIVE;
				CLANG_WARN_UNREACHABLE_CODE = YES;
				CLANG_WARN__DUPLICATE_METHOD_MATCH = YES;
				COPY_PHASE_STRIP = NO;
				DEBUG_INFORMATION_FORMAT = "dwarf-with-dsym";
				ENABLE_NS_ASSERTIONS = NO;
				ENABLE_STRICT_OBJC_MSGSEND = YES;
				ENABLE_USER_SCRIPT_SANDBOXING = YES;
				GCC_C_LANGUAGE_STANDARD = gnu17;
				GCC_NO_COMMON_BLOCKS = YES;
				GCC_WARN_64_TO_32_BIT_CONVERSION = YES;
				GCC_WARN_ABOUT_RETURN_TYPE = YES_ERROR;
				GCC_WARN_UNDECLARED_SELECTOR = YES;
				GCC_WARN_UNINITIALIZED_AUTOS = YES_AGGRESSIVE;
				GCC_WARN_UNUSED_FUNCTION = YES;
				GCC_WARN_UNUSED_VARIABLE = YES;
				IPHONEOS_DEPLOYMENT_TARGET = 17.5;
				LOCALIZATION_PREFERS_STRING_CATALOGS = YES;
				MTL_ENABLE_DEBUG_INFO = NO;
				MTL_FAST_MATH = YES;
				SDKROOT = iphoneos;
				SWIFT_COMPILATION_MODE = wholemodule;
				VALIDATE_PRODUCT = YES;
			};
			name = Release;
		};
		854F4D652D1A57870088B04F /* Debug */ = {
			isa = XCBuildConfiguration;
			buildSettings = {
				ASSETCATALOG_COMPILER_APPICON_NAME = AppIcon;
				ASSETCATALOG_COMPILER_GLOBAL_ACCENT_COLOR_NAME = AccentColor;
				CLANG_ENABLE_MODULES = YES;
				CODE_SIGN_ENTITLEMENTS = DemoDetect/DemoDetect.entitlements;
				CODE_SIGN_STYLE = Automatic;
				CURRENT_PROJECT_VERSION = 1;
				DEVELOPMENT_TEAM = YUS8V6L945;
				GENERATE_INFOPLIST_FILE = YES;
				INFOPLIST_FILE = DemoDetect/Info.plist;
				INFOPLIST_KEY_NSLocalNetworkUsageDescription = "use to find device";
				INFOPLIST_KEY_NSLocationUsageDescription = "dung thoi";
				INFOPLIST_KEY_NSLocationWhenInUseUsageDescription = "dung thoi";
				INFOPLIST_KEY_UIApplicationSupportsIndirectInputEvents = YES;
				INFOPLIST_KEY_UILaunchStoryboardName = LaunchScreen;
				INFOPLIST_KEY_UIMainStoryboardFile = Main;
				INFOPLIST_KEY_UISupportedInterfaceOrientations_iPad = "UIInterfaceOrientationPortrait UIInterfaceOrientationPortraitUpsideDown UIInterfaceOrientationLandscapeLeft UIInterfaceOrientationLandscapeRight";
				INFOPLIST_KEY_UISupportedInterfaceOrientations_iPhone = "UIInterfaceOrientationPortrait UIInterfaceOrientationLandscapeLeft UIInterfaceOrientationLandscapeRight";
				IPHONEOS_DEPLOYMENT_TARGET = 14.0;
				LD_RUNPATH_SEARCH_PATHS = (
					"$(inherited)",
					"@executable_path/Frameworks",
				);
				MARKETING_VERSION = 1.0;
				PRODUCT_BUNDLE_IDENTIFIER = com.duc.DemoDetect;
				PRODUCT_NAME = "$(TARGET_NAME)";
				SWIFT_EMIT_LOC_STRINGS = YES;
				SWIFT_OPTIMIZATION_LEVEL = "-Onone";
				SWIFT_VERSION = 5.0;
				TARGETED_DEVICE_FAMILY = "1,2";
			};
			name = Debug;
		};
		854F4D662D1A57870088B04F /* Release */ = {
			isa = XCBuildConfiguration;
			buildSettings = {
				ASSETCATALOG_COMPILER_APPICON_NAME = AppIcon;
				ASSETCATALOG_COMPILER_GLOBAL_ACCENT_COLOR_NAME = AccentColor;
				CLANG_ENABLE_MODULES = YES;
				CODE_SIGN_ENTITLEMENTS = DemoDetect/DemoDetect.entitlements;
				CODE_SIGN_STYLE = Automatic;
				CURRENT_PROJECT_VERSION = 1;
				DEVELOPMENT_TEAM = YUS8V6L945;
				GENERATE_INFOPLIST_FILE = YES;
				INFOPLIST_FILE = DemoDetect/Info.plist;
				INFOPLIST_KEY_NSLocalNetworkUsageDescription = "use to find device";
				INFOPLIST_KEY_NSLocationUsageDescription = "dung thoi";
				INFOPLIST_KEY_NSLocationWhenInUseUsageDescription = "dung thoi";
				INFOPLIST_KEY_UIApplicationSupportsIndirectInputEvents = YES;
				INFOPLIST_KEY_UILaunchStoryboardName = LaunchScreen;
				INFOPLIST_KEY_UIMainStoryboardFile = Main;
				INFOPLIST_KEY_UISupportedInterfaceOrientations_iPad = "UIInterfaceOrientationPortrait UIInterfaceOrientationPortraitUpsideDown UIInterfaceOrientationLandscapeLeft UIInterfaceOrientationLandscapeRight";
				INFOPLIST_KEY_UISupportedInterfaceOrientations_iPhone = "UIInterfaceOrientationPortrait UIInterfaceOrientationLandscapeLeft UIInterfaceOrientationLandscapeRight";
				IPHONEOS_DEPLOYMENT_TARGET = 14.0;
				LD_RUNPATH_SEARCH_PATHS = (
					"$(inherited)",
					"@executable_path/Frameworks",
				);
				MARKETING_VERSION = 1.0;
				PRODUCT_BUNDLE_IDENTIFIER = com.duc.DemoDetect;
				PRODUCT_NAME = "$(TARGET_NAME)";
				SWIFT_EMIT_LOC_STRINGS = YES;
				SWIFT_VERSION = 5.0;
				TARGETED_DEVICE_FAMILY = "1,2";
			};
			name = Release;
		};
/* End XCBuildConfiguration section */

/* Begin XCConfigurationList section */
		854F4D4B2D1A57860088B04F /* Build configuration list for PBXProject "DemoDetect" */ = {
			isa = XCConfigurationList;
			buildConfigurations = (
				854F4D622D1A57870088B04F /* Debug */,
				854F4D632D1A57870088B04F /* Release */,
			);
			defaultConfigurationIsVisible = 0;
			defaultConfigurationName = Release;
		};
		854F4D642D1A57870088B04F /* Build configuration list for PBXNativeTarget "DemoDetect" */ = {
			isa = XCConfigurationList;
			buildConfigurations = (
				854F4D652D1A57870088B04F /* Debug */,
				854F4D662D1A57870088B04F /* Release */,
			);
			defaultConfigurationIsVisible = 0;
			defaultConfigurationName = Release;
		};
/* End XCConfigurationList section */

/* Begin XCRemoteSwiftPackageReference section */
		850F97282D1CFC4400945740 /* XCRemoteSwiftPackageReference "iOSMegnetometer" */ = {
			isa = XCRemoteSwiftPackageReference;
			repositoryURL = "https://github.com/Innovatewithapple/iOSMegnetometer.git";
			requirement = {
				branch = main;
				kind = branch;
			};
		};
		850F97392D1D354900945740 /* XCRemoteSwiftPackageReference "SwiftyPing" */ = {
			isa = XCRemoteSwiftPackageReference;
			repositoryURL = "https://github.com/samiyr/SwiftyPing.git";
			requirement = {
				branch = master;
				kind = branch;
			};
		};
		85DA72112D1E6130008F5589 /* XCRemoteSwiftPackageReference "FlipBook" */ = {
			isa = XCRemoteSwiftPackageReference;
			repositoryURL = "https://github.com/bgayman/FlipBook.git";
			requirement = {
				kind = upToNextMajorVersion;
				minimumVersion = 1.5.10;
			};
		};
/* End XCRemoteSwiftPackageReference section */

/* Begin XCSwiftPackageProductDependency section */
		850F97292D1CFC4400945740 /* iOSMagnetometer */ = {
			isa = XCSwiftPackageProductDependency;
			package = 850F97282D1CFC4400945740 /* XCRemoteSwiftPackageReference "iOSMegnetometer" */;
			productName = iOSMagnetometer;
		};
		850F973A2D1D354900945740 /* SwiftyPing */ = {
			isa = XCSwiftPackageProductDependency;
			package = 850F97392D1D354900945740 /* XCRemoteSwiftPackageReference "SwiftyPing" */;
			productName = SwiftyPing;
		};
		85DA72122D1E6130008F5589 /* FlipBook */ = {
			isa = XCSwiftPackageProductDependency;
			package = 85DA72112D1E6130008F5589 /* XCRemoteSwiftPackageReference "FlipBook" */;
			productName = FlipBook;
		};
/* End XCSwiftPackageProductDependency section */
	};
	rootObject = 854F4D482D1A57860088B04F /* Project object */;
}
